
Microsoft Visual Studio Solution File, Format Version 12.00
# Visual Studio Version 17
VisualStudioVersion = 17.14.36301.6
MinimumVisualStudioVersion = 10.0.40219.1
Project("{2150E333-8FDC-42A3-9474-1A3956D46DE8}") = "Services", "Services", "{02EA681E-C7D8-13C7-8484-4AC65E1B71E8}"
EndProject
Project("{2150E333-8FDC-42A3-9474-1A3956D46DE8}") = "Catalog", "Catalog", "{B49113D9-1602-4401-B7F0-2FF69677E2DB}"
EndProject
Project("{FAE04EC0-301F-11D3-BF4B-00C04F79EFBC}") = "MultiShop.Catalog", "Services\Catalog\MultiShop.Catalog\MultiShop.Catalog.csproj", "{6777BCD2-B305-4578-B213-C7BA165B2B98}"
EndProject
Project("{2150E333-8FDC-42A3-9474-1A3956D46DE8}") = "Discount", "Discount", "{FC45B227-FB62-41A4-9B78-1DBED31C4C4A}"
EndProject
Project("{FAE04EC0-301F-11D3-BF4B-00C04F79EFBC}") = "MultiShop.Discount", "Services\Discount\MultiShop.Discount\MultiShop.Discount.csproj", "{FE324802-EFE9-4A3C-9697-9D00599A1705}"
EndProject
Project("{2150E333-8FDC-42A3-9474-1A3956D46DE8}") = "Order", "Order", "{C5D510E2-13A2-43FB-9370-3F7C50789574}"
EndProject
Project("{2150E333-8FDC-42A3-9474-1A3956D46DE8}") = "Core", "Core", "{F37CBB78-8E49-4380-9E64-96D8116F3929}"
EndProject
Project("{2150E333-8FDC-42A3-9474-1A3956D46DE8}") = "Infrastructure", "Infrastructure", "{7E84A777-B767-4120-B223-9E5CB7079B01}"
EndProject
Project("{2150E333-8FDC-42A3-9474-1A3956D46DE8}") = "Presentation", "Presentation", "{FB57AD1E-B977-4767-A6AB-9FBE2C03DEB1}"
EndProject
Project("{FAE04EC0-301F-11D3-BF4B-00C04F79EFBC}") = "MultiShop.Order.Domain", "Services\Order\Core\MultiShop.Order.Domain\MultiShop.Order.Domain.csproj", "{2F26DFE3-E87F-4C53-8550-B59175105CDC}"
EndProject
Project("{FAE04EC0-301F-11D3-BF4B-00C04F79EFBC}") = "MultiShop.Order.Application", "Services\Order\Core\MultiShop.Order.Application\MultiShop.Order.Application.csproj", "{45E47E5E-A391-429B-AEF5-F3EE5BF1DF2D}"
EndProject
Project("{FAE04EC0-301F-11D3-BF4B-00C04F79EFBC}") = "MultiShop.Order.Persistence", "Services\Order\Infrastructure\MultiShop.Order.Persistence\MultiShop.Order.Persistence.csproj", "{80A87A8D-D98A-4D2E-B7B2-BACB0F279123}"
EndProject
Project("{FAE04EC0-301F-11D3-BF4B-00C04F79EFBC}") = "MultiShop.Order.WebAPI", "Services\Order\Presentation\MultiShop.Order.WebAPI\MultiShop.Order.WebAPI.csproj", "{E60553EA-6C7E-475E-8CE7-C19C7D7116FF}"
EndProject
Project("{2150E333-8FDC-42A3-9474-1A3956D46DE8}") = "IdentityServer", "IdentityServer", "{05C01366-F651-4416-9B3D-C5EC3388C00D}"
EndProject
Project("{FAE04EC0-301F-11D3-BF4B-00C04F79EFBC}") = "MultiShop.IdentityServer", "IdentityServer\MultiShop.IdentityServer\MultiShop.IdentityServer.csproj", "{EA14094F-FB55-5ABC-1402-B4229C4AD0B1}"
EndProject
Project("{2150E333-8FDC-42A3-9474-1A3956D46DE8}") = "Cargo", "Cargo", "{9AECAB77-BDD6-446B-9338-734B83592DC6}"
EndProject
Project("{FAE04EC0-301F-11D3-BF4B-00C04F79EFBC}") = "MultiShop.Cargo.EntityLayer", "Services\Cargo\MultiShop.Cargo.EntityLayer\MultiShop.Cargo.EntityLayer.csproj", "{09EA81FA-01D0-4E94-85BE-D929C41761A9}"
EndProject
Project("{FAE04EC0-301F-11D3-BF4B-00C04F79EFBC}") = "MultiShop.Cargo.DataAccessLayer", "Services\Cargo\MultiShop.Cargo.DataAccessLayer\MultiShop.Cargo.DataAccessLayer.csproj", "{FCA49F62-D450-48D4-8671-E04373CDC4E4}"
EndProject
Project("{FAE04EC0-301F-11D3-BF4B-00C04F79EFBC}") = "MultiShop.Cargo.BusinessLayer", "Services\Cargo\MultiShop.Cargo.BusinessLayer\MultiShop.Cargo.BusinessLayer.csproj", "{095E40F4-95F8-4EAC-8C47-CD62F5EEF60B}"
EndProject
Project("{FAE04EC0-301F-11D3-BF4B-00C04F79EFBC}") = "MultiShop.Cargo.DTOLayer", "Services\Cargo\MultiShop.Cargo.DTOLayer\MultiShop.Cargo.DTOLayer.csproj", "{BD0815C6-1E0E-4784-A958-5A7C7772D186}"
EndProject
Project("{FAE04EC0-301F-11D3-BF4B-00C04F79EFBC}") = "MultiShop.Cargo.WebAPI", "Services\Cargo\MultiShop.Cargo.WebAPI\MultiShop.Cargo.WebAPI.csproj", "{6239C4B6-32EE-41A7-B407-F55F095D922F}"
EndProject
Project("{2150E333-8FDC-42A3-9474-1A3956D46DE8}") = "Basket", "Basket", "{FA5867E1-7EC7-48D8-960A-DE2E6B969397}"
EndProject
Project("{FAE04EC0-301F-11D3-BF4B-00C04F79EFBC}") = "MultiShop.Basket", "Basket\MultiShop.Basket\MultiShop.Basket.csproj", "{12464178-AB38-4F9B-8C66-5744A0B048DA}"
EndProject
Project("{2150E333-8FDC-42A3-9474-1A3956D46DE8}") = "Frontend", "Frontend", "{C362D795-78A2-4A3B-A9EF-62FBA8EF35BD}"
EndProject
Project("{FAE04EC0-301F-11D3-BF4B-00C04F79EFBC}") = "MultiShop.WebUI", "Frontend\MultiShop.WebUI\MultiShop.WebUI.csproj", "{990A220F-C99D-44BC-8E9B-4D7EBCCCC5A4}"
EndProject
Project("{FAE04EC0-301F-11D3-BF4B-00C04F79EFBC}") = "MultiShop.DTOLayer", "Frontend\MultiShop.DTOLayer\MultiShop.DTOLayer.csproj", "{FB22D343-DC66-4D52-A838-B17CC777C798}"
EndProject
Project("{2150E333-8FDC-42A3-9474-1A3956D46DE8}") = "Comment", "Comment", "{11992CCE-EFFA-420B-9EAB-847ADB52CEB3}"
EndProject
Project("{FAE04EC0-301F-11D3-BF4B-00C04F79EFBC}") = "MultiShop.Comment", "Services\Comment\MultiShop.Comment\MultiShop.Comment.csproj", "{A4FA2350-1D2C-416D-8305-77B58B677FCE}"
EndProject
Project("{2150E333-8FDC-42A3-9474-1A3956D46DE8}") = "ApiGateway", "ApiGateway", "{CE45E3CE-840E-464B-A5B8-1954A7228850}"
EndProject
Project("{FAE04EC0-301F-11D3-BF4B-00C04F79EFBC}") = "MultiShop.OcelotGateway", "ApiGateway\MultiShop.OcelotGateway\MultiShop.OcelotGateway.csproj", "{F8930015-EB22-4201-A1D9-DCDB5EE255B9}"
EndProject
Project("{2150E333-8FDC-42A3-9474-1A3956D46DE8}") = "Payment", "Payment", "{EB077BD0-205D-4AA7-831A-6DB81A9852D3}"
EndProject
Project("{FAE04EC0-301F-11D3-BF4B-00C04F79EFBC}") = "MultiShop.Payment", "Payment\MultiShop.Payment\MultiShop.Payment.csproj", "{38F7AC74-6CF2-44EC-8BEA-396589444C4A}"
EndProject
Project("{2150E333-8FDC-42A3-9474-1A3956D46DE8}") = "Images", "Images", "{D1E2E59E-B877-4918-9BA8-509E05144870}"
EndProject
Project("{FAE04EC0-301F-11D3-BF4B-00C04F79EFBC}") = "MultiShop.Images", "Images\MultiShop.Images\MultiShop.Images.csproj", "{50505B9D-F88F-4943-900F-B3CD3E588923}"
EndProject
Project("{2150E333-8FDC-42A3-9474-1A3956D46DE8}") = "Message", "Message", "{0CA5F42E-4D13-4DB1-9D18-CBF66EF5D3BC}"
EndProject
Project("{FAE04EC0-301F-11D3-BF4B-00C04F79EFBC}") = "MultiShop.Message", "Services\Message\MultiShop.Message\MultiShop.Message.csproj", "{7E543A93-AD0E-424E-863E-9D229B63BA57}"
EndProject
Project("{2150E333-8FDC-42A3-9474-1A3956D46DE8}") = "RabbitMQMessage", "RabbitMQMessage", "{99825862-BDE2-4890-B728-BEB8AE2152BE}"
EndProject
Project("{FAE04EC0-301F-11D3-BF4B-00C04F79EFBC}") = "MultiShop.RabbitMQMessage", "RabbitMQMessage\MultiShop.RabbitMQMessage\MultiShop.RabbitMQMessage.csproj", "{D12E0A77-40CF-437C-A144-43156EDD3168}"
EndProject
Global
	GlobalSection(SolutionConfigurationPlatforms) = preSolution
		Debug|Any CPU = Debug|Any CPU
		Release|Any CPU = Release|Any CPU
	EndGlobalSection
	GlobalSection(ProjectConfigurationPlatforms) = postSolution
		{6777BCD2-B305-4578-B213-C7BA165B2B98}.Debug|Any CPU.ActiveCfg = Debug|Any CPU
		{6777BCD2-B305-4578-B213-C7BA165B2B98}.Debug|Any CPU.Build.0 = Debug|Any CPU
		{6777BCD2-B305-4578-B213-C7BA165B2B98}.Release|Any CPU.ActiveCfg = Release|Any CPU
		{6777BCD2-B305-4578-B213-C7BA165B2B98}.Release|Any CPU.Build.0 = Release|Any CPU
		{FE324802-EFE9-4A3C-9697-9D00599A1705}.Debug|Any CPU.ActiveCfg = Debug|Any CPU
		{FE324802-EFE9-4A3C-9697-9D00599A1705}.Debug|Any CPU.Build.0 = Debug|Any CPU
		{FE324802-EFE9-4A3C-9697-9D00599A1705}.Release|Any CPU.ActiveCfg = Release|Any CPU
		{FE324802-EFE9-4A3C-9697-9D00599A1705}.Release|Any CPU.Build.0 = Release|Any CPU
		{2F26DFE3-E87F-4C53-8550-B59175105CDC}.Debug|Any CPU.ActiveCfg = Debug|Any CPU
		{2F26DFE3-E87F-4C53-8550-B59175105CDC}.Debug|Any CPU.Build.0 = Debug|Any CPU
		{2F26DFE3-E87F-4C53-8550-B59175105CDC}.Release|Any CPU.ActiveCfg = Release|Any CPU
		{2F26DFE3-E87F-4C53-8550-B59175105CDC}.Release|Any CPU.Build.0 = Release|Any CPU
		{45E47E5E-A391-429B-AEF5-F3EE5BF1DF2D}.Debug|Any CPU.ActiveCfg = Debug|Any CPU
		{45E47E5E-A391-429B-AEF5-F3EE5BF1DF2D}.Debug|Any CPU.Build.0 = Debug|Any CPU
		{45E47E5E-A391-429B-AEF5-F3EE5BF1DF2D}.Release|Any CPU.ActiveCfg = Release|Any CPU
		{45E47E5E-A391-429B-AEF5-F3EE5BF1DF2D}.Release|Any CPU.Build.0 = Release|Any CPU
		{80A87A8D-D98A-4D2E-B7B2-BACB0F279123}.Debug|Any CPU.ActiveCfg = Debug|Any CPU
		{80A87A8D-D98A-4D2E-B7B2-BACB0F279123}.Debug|Any CPU.Build.0 = Debug|Any CPU
		{80A87A8D-D98A-4D2E-B7B2-BACB0F279123}.Release|Any CPU.ActiveCfg = Release|Any CPU
		{80A87A8D-D98A-4D2E-B7B2-BACB0F279123}.Release|Any CPU.Build.0 = Release|Any CPU
		{E60553EA-6C7E-475E-8CE7-C19C7D7116FF}.Debug|Any CPU.ActiveCfg = Debug|Any CPU
		{E60553EA-6C7E-475E-8CE7-C19C7D7116FF}.Debug|Any CPU.Build.0 = Debug|Any CPU
		{E60553EA-6C7E-475E-8CE7-C19C7D7116FF}.Release|Any CPU.ActiveCfg = Release|Any CPU
		{E60553EA-6C7E-475E-8CE7-C19C7D7116FF}.Release|Any CPU.Build.0 = Release|Any CPU
		{EA14094F-FB55-5ABC-1402-B4229C4AD0B1}.Debug|Any CPU.ActiveCfg = Debug|Any CPU
		{EA14094F-FB55-5ABC-1402-B4229C4AD0B1}.Debug|Any CPU.Build.0 = Debug|Any CPU
		{EA14094F-FB55-5ABC-1402-B4229C4AD0B1}.Release|Any CPU.ActiveCfg = Release|Any CPU
		{EA14094F-FB55-5ABC-1402-B4229C4AD0B1}.Release|Any CPU.Build.0 = Release|Any CPU
		{09EA81FA-01D0-4E94-85BE-D929C41761A9}.Debug|Any CPU.ActiveCfg = Debug|Any CPU
		{09EA81FA-01D0-4E94-85BE-D929C41761A9}.Debug|Any CPU.Build.0 = Debug|Any CPU
		{09EA81FA-01D0-4E94-85BE-D929C41761A9}.Release|Any CPU.ActiveCfg = Release|Any CPU
		{09EA81FA-01D0-4E94-85BE-D929C41761A9}.Release|Any CPU.Build.0 = Release|Any CPU
		{FCA49F62-D450-48D4-8671-E04373CDC4E4}.Debug|Any CPU.ActiveCfg = Debug|Any CPU
		{FCA49F62-D450-48D4-8671-E04373CDC4E4}.Debug|Any CPU.Build.0 = Debug|Any CPU
		{FCA49F62-D450-48D4-8671-E04373CDC4E4}.Release|Any CPU.ActiveCfg = Release|Any CPU
		{FCA49F62-D450-48D4-8671-E04373CDC4E4}.Release|Any CPU.Build.0 = Release|Any CPU
		{095E40F4-95F8-4EAC-8C47-CD62F5EEF60B}.Debug|Any CPU.ActiveCfg = Debug|Any CPU
		{095E40F4-95F8-4EAC-8C47-CD62F5EEF60B}.Debug|Any CPU.Build.0 = Debug|Any CPU
		{095E40F4-95F8-4EAC-8C47-CD62F5EEF60B}.Release|Any CPU.ActiveCfg = Release|Any CPU
		{095E40F4-95F8-4EAC-8C47-CD62F5EEF60B}.Release|Any CPU.Build.0 = Release|Any CPU
		{BD0815C6-1E0E-4784-A958-5A7C7772D186}.Debug|Any CPU.ActiveCfg = Debug|Any CPU
		{BD0815C6-1E0E-4784-A958-5A7C7772D186}.Debug|Any CPU.Build.0 = Debug|Any CPU
		{BD0815C6-1E0E-4784-A958-5A7C7772D186}.Release|Any CPU.ActiveCfg = Release|Any CPU
		{BD0815C6-1E0E-4784-A958-5A7C7772D186}.Release|Any CPU.Build.0 = Release|Any CPU
		{6239C4B6-32EE-41A7-B407-F55F095D922F}.Debug|Any CPU.ActiveCfg = Debug|Any CPU
		{6239C4B6-32EE-41A7-B407-F55F095D922F}.Debug|Any CPU.Build.0 = Debug|Any CPU
		{6239C4B6-32EE-41A7-B407-F55F095D922F}.Release|Any CPU.ActiveCfg = Release|Any CPU
		{6239C4B6-32EE-41A7-B407-F55F095D922F}.Release|Any CPU.Build.0 = Release|Any CPU
		{12464178-AB38-4F9B-8C66-5744A0B048DA}.Debug|Any CPU.ActiveCfg = Debug|Any CPU
		{12464178-AB38-4F9B-8C66-5744A0B048DA}.Debug|Any CPU.Build.0 = Debug|Any CPU
		{12464178-AB38-4F9B-8C66-5744A0B048DA}.Release|Any CPU.ActiveCfg = Release|Any CPU
		{12464178-AB38-4F9B-8C66-5744A0B048DA}.Release|Any CPU.Build.0 = Release|Any CPU
		{990A220F-C99D-44BC-8E9B-4D7EBCCCC5A4}.Debug|Any CPU.ActiveCfg = Debug|Any CPU
		{990A220F-C99D-44BC-8E9B-4D7EBCCCC5A4}.Debug|Any CPU.Build.0 = Debug|Any CPU
		{990A220F-C99D-44BC-8E9B-4D7EBCCCC5A4}.Release|Any CPU.ActiveCfg = Release|Any CPU
		{990A220F-C99D-44BC-8E9B-4D7EBCCCC5A4}.Release|Any CPU.Build.0 = Release|Any CPU
		{FB22D343-DC66-4D52-A838-B17CC777C798}.Debug|Any CPU.ActiveCfg = Debug|Any CPU
		{FB22D343-DC66-4D52-A838-B17CC777C798}.Debug|Any CPU.Build.0 = Debug|Any CPU
		{FB22D343-DC66-4D52-A838-B17CC777C798}.Release|Any CPU.ActiveCfg = Release|Any CPU
		{FB22D343-DC66-4D52-A838-B17CC777C798}.Release|Any CPU.Build.0 = Release|Any CPU
		{A4FA2350-1D2C-416D-8305-77B58B677FCE}.Debug|Any CPU.ActiveCfg = Debug|Any CPU
		{A4FA2350-1D2C-416D-8305-77B58B677FCE}.Debug|Any CPU.Build.0 = Debug|Any CPU
		{A4FA2350-1D2C-416D-8305-77B58B677FCE}.Release|Any CPU.ActiveCfg = Release|Any CPU
		{A4FA2350-1D2C-416D-8305-77B58B677FCE}.Release|Any CPU.Build.0 = Release|Any CPU
		{F8930015-EB22-4201-A1D9-DCDB5EE255B9}.Debug|Any CPU.ActiveCfg = Debug|Any CPU
		{F8930015-EB22-4201-A1D9-DCDB5EE255B9}.Debug|Any CPU.Build.0 = Debug|Any CPU
		{F8930015-EB22-4201-A1D9-DCDB5EE255B9}.Release|Any CPU.ActiveCfg = Release|Any CPU
		{F8930015-EB22-4201-A1D9-DCDB5EE255B9}.Release|Any CPU.Build.0 = Release|Any CPU
		{38F7AC74-6CF2-44EC-8BEA-396589444C4A}.Debug|Any CPU.ActiveCfg = Debug|Any CPU
		{38F7AC74-6CF2-44EC-8BEA-396589444C4A}.Debug|Any CPU.Build.0 = Debug|Any CPU
		{38F7AC74-6CF2-44EC-8BEA-396589444C4A}.Release|Any CPU.ActiveCfg = Release|Any CPU
		{38F7AC74-6CF2-44EC-8BEA-396589444C4A}.Release|Any CPU.Build.0 = Release|Any CPU
		{50505B9D-F88F-4943-900F-B3CD3E588923}.Debug|Any CPU.ActiveCfg = Debug|Any CPU
		{50505B9D-F88F-4943-900F-B3CD3E588923}.Debug|Any CPU.Build.0 = Debug|Any CPU
		{50505B9D-F88F-4943-900F-B3CD3E588923}.Release|Any CPU.ActiveCfg = Release|Any CPU
		{50505B9D-F88F-4943-900F-B3CD3E588923}.Release|Any CPU.Build.0 = Release|Any CPU
		{7E543A93-AD0E-424E-863E-9D229B63BA57}.Debug|Any CPU.ActiveCfg = Debug|Any CPU
		{7E543A93-AD0E-424E-863E-9D229B63BA57}.Debug|Any CPU.Build.0 = Debug|Any CPU
		{7E543A93-AD0E-424E-863E-9D229B63BA57}.Release|Any CPU.ActiveCfg = Release|Any CPU
		{7E543A93-AD0E-424E-863E-9D229B63BA57}.Release|Any CPU.Build.0 = Release|Any CPU
		{D12E0A77-40CF-437C-A144-43156EDD3168}.Debug|Any CPU.ActiveCfg = Debug|Any CPU
		{D12E0A77-40CF-437C-A144-43156EDD3168}.Debug|Any CPU.Build.0 = Debug|Any CPU
		{D12E0A77-40CF-437C-A144-43156EDD3168}.Release|Any CPU.ActiveCfg = Release|Any CPU
		{D12E0A77-40CF-437C-A144-43156EDD3168}.Release|Any CPU.Build.0 = Release|Any CPU
	EndGlobalSection
	GlobalSection(SolutionProperties) = preSolution
		HideSolutionNode = FALSE
	EndGlobalSection
	GlobalSection(NestedProjects) = preSolution
		{B49113D9-1602-4401-B7F0-2FF69677E2DB} = {02EA681E-C7D8-13C7-8484-4AC65E1B71E8}
		{6777BCD2-B305-4578-B213-C7BA165B2B98} = {B49113D9-1602-4401-B7F0-2FF69677E2DB}
		{FC45B227-FB62-41A4-9B78-1DBED31C4C4A} = {02EA681E-C7D8-13C7-8484-4AC65E1B71E8}
		{FE324802-EFE9-4A3C-9697-9D00599A1705} = {FC45B227-FB62-41A4-9B78-1DBED31C4C4A}
		{C5D510E2-13A2-43FB-9370-3F7C50789574} = {02EA681E-C7D8-13C7-8484-4AC65E1B71E8}
		{F37CBB78-8E49-4380-9E64-96D8116F3929} = {C5D510E2-13A2-43FB-9370-3F7C50789574}
		{7E84A777-B767-4120-B223-9E5CB7079B01} = {C5D510E2-13A2-43FB-9370-3F7C50789574}
		{FB57AD1E-B977-4767-A6AB-9FBE2C03DEB1} = {C5D510E2-13A2-43FB-9370-3F7C50789574}
		{2F26DFE3-E87F-4C53-8550-B59175105CDC} = {F37CBB78-8E49-4380-9E64-96D8116F3929}
		{45E47E5E-A391-429B-AEF5-F3EE5BF1DF2D} = {F37CBB78-8E49-4380-9E64-96D8116F3929}
		{80A87A8D-D98A-4D2E-B7B2-BACB0F279123} = {7E84A777-B767-4120-B223-9E5CB7079B01}
		{E60553EA-6C7E-475E-8CE7-C19C7D7116FF} = {FB57AD1E-B977-4767-A6AB-9FBE2C03DEB1}
		{EA14094F-FB55-5ABC-1402-B4229C4AD0B1} = {05C01366-F651-4416-9B3D-C5EC3388C00D}
		{9AECAB77-BDD6-446B-9338-734B83592DC6} = {02EA681E-C7D8-13C7-8484-4AC65E1B71E8}
		{09EA81FA-01D0-4E94-85BE-D929C41761A9} = {9AECAB77-BDD6-446B-9338-734B83592DC6}
		{FCA49F62-D450-48D4-8671-E04373CDC4E4} = {9AECAB77-BDD6-446B-9338-734B83592DC6}
		{095E40F4-95F8-4EAC-8C47-CD62F5EEF60B} = {9AECAB77-BDD6-446B-9338-734B83592DC6}
		{BD0815C6-1E0E-4784-A958-5A7C7772D186} = {9AECAB77-BDD6-446B-9338-734B83592DC6}
		{6239C4B6-32EE-41A7-B407-F55F095D922F} = {9AECAB77-BDD6-446B-9338-734B83592DC6}
		{FA5867E1-7EC7-48D8-960A-DE2E6B969397} = {02EA681E-C7D8-13C7-8484-4AC65E1B71E8}
		{12464178-AB38-4F9B-8C66-5744A0B048DA} = {FA5867E1-7EC7-48D8-960A-DE2E6B969397}
		{990A220F-C99D-44BC-8E9B-4D7EBCCCC5A4} = {C362D795-78A2-4A3B-A9EF-62FBA8EF35BD}
		{FB22D343-DC66-4D52-A838-B17CC777C798} = {C362D795-78A2-4A3B-A9EF-62FBA8EF35BD}
		{11992CCE-EFFA-420B-9EAB-847ADB52CEB3} = {02EA681E-C7D8-13C7-8484-4AC65E1B71E8}
		{A4FA2350-1D2C-416D-8305-77B58B677FCE} = {11992CCE-EFFA-420B-9EAB-847ADB52CEB3}
		{F8930015-EB22-4201-A1D9-DCDB5EE255B9} = {CE45E3CE-840E-464B-A5B8-1954A7228850}
		{EB077BD0-205D-4AA7-831A-6DB81A9852D3} = {02EA681E-C7D8-13C7-8484-4AC65E1B71E8}
		{38F7AC74-6CF2-44EC-8BEA-396589444C4A} = {EB077BD0-205D-4AA7-831A-6DB81A9852D3}
		{D1E2E59E-B877-4918-9BA8-509E05144870} = {02EA681E-C7D8-13C7-8484-4AC65E1B71E8}
		{50505B9D-F88F-4943-900F-B3CD3E588923} = {D1E2E59E-B877-4918-9BA8-509E05144870}
		{0CA5F42E-4D13-4DB1-9D18-CBF66EF5D3BC} = {02EA681E-C7D8-13C7-8484-4AC65E1B71E8}
		{7E543A93-AD0E-424E-863E-9D229B63BA57} = {0CA5F42E-4D13-4DB1-9D18-CBF66EF5D3BC}
		{99825862-BDE2-4890-B728-BEB8AE2152BE} = {02EA681E-C7D8-13C7-8484-4AC65E1B71E8}
		{D12E0A77-40CF-437C-A144-43156EDD3168} = {99825862-BDE2-4890-B728-BEB8AE2152BE}
	EndGlobalSection
	GlobalSection(ExtensibilityGlobals) = postSolution
		SolutionGuid = {9059D228-F502-4C58-A829-DA1E4BC317D3}
	EndGlobalSection
EndGlobal
